{
  "name": "types",
  "version": "1.0.2",
  "lockfileVersion": 1,
  "requires": true,
  "dependencies": {
    "@types/bson": {
      "version": "4.0.2",
      "resolved": "https://registry.npmjs.org/@types/bson/-/bson-4.0.2.tgz",
      "integrity": "sha512-+uWmsejEHfmSjyyM/LkrP0orfE2m5Mx9Xel4tXNeqi1ldK5XMQcDsFkBmLDtuyKUbxj2jGDo0H240fbCRJZo7Q==",
      "requires": {
        "@types/node": "*"
      }
    },
    "@types/mongodb": {
      "version": "3.5.14",
      "resolved": "https://registry.npmjs.org/@types/mongodb/-/mongodb-3.5.14.tgz",
      "integrity": "sha512-6SBBf4/pFTPu+Xmio6A4JPv/zXbsS/h7d3SdhaXRfTdE8pPNKUfOG3Tn7O0sjcu7Nz0syorSiQE6CMcoQD15TQ==",
      "requires": {
        "@types/bson": "*",
        "@types/node": "*"
      }
    },
    "@types/mongoose": {
      "version": "5.7.14",
      "resolved": "https://registry.npmjs.org/@types/mongoose/-/mongoose-5.7.14.tgz",
      "integrity": "sha512-jdMhuIluxmPKP58juOvQEl1C0syqyG0LK19zP+FRha0gvlFUwttXr2uxX4pzTHcuu/V6omzia9iGeXCoTEOT+w==",
      "requires": {
        "@types/mongodb": "*",
        "@types/node": "*"
      }
    },
    "@types/node": {
      "version": "13.13.4",
      "resolved": "https://registry.npmjs.org/@types/node/-/node-13.13.4.tgz",
      "integrity": "sha512-x26ur3dSXgv5AwKS0lNfbjpCakGIduWU1DU91Zz58ONRWrIKGunmZBNv4P7N+e27sJkiGDsw/3fT4AtsqQBrBA=="
    }
  }
}
